
Microsoft Visual Studio Solution File, Format Version 12.00
# Visual Studio Version 16
VisualStudioVersion = 16.0.30413.136
MinimumVisualStudioVersion = 10.0.40219.1
Project("{FAE04EC0-301F-11D3-BF4B-00C04F79EFBC}") = "TechnicalAssignment1", "TechnicalAssignment1.csproj", "{65445B9C-31B6-4DA3-A291-88F2E095BBAB}"
EndProject
Global
	GlobalSection(SolutionConfigurationPlatforms) = preSolution
		Debug|Any CPU = Debug|Any CPU
		Release|Any CPU = Release|Any CPU
	EndGlobalSection
	GlobalSection(ProjectConfigurationPlatforms) = postSolution
		{65445B9C-31B6-4DA3-A291-88F2E095BBAB}.Debug|Any CPU.ActiveCfg = Debug|Any CPU
		{65445B9C-31B6-4DA3-A291-88F2E095BBAB}.Debug|Any CPU.Build.0 = Debug|Any CPU
		{65445B9C-31B6-4DA3-A291-88F2E095BBAB}.Release|Any CPU.ActiveCfg = Release|Any CPU
		{65445B9C-31B6-4DA3-A291-88F2E095BBAB}.Release|Any CPU.Build.0 = Release|Any CPU
	EndGlobalSection
	GlobalSection(SolutionProperties) = preSolution
		HideSolutionNode = FALSE
	EndGlobalSection
	GlobalSection(ExtensibilityGlobals) = postSolution
		SolutionGuid = {61070C94-0478-48D0-87F0-017C6A9AE31E}
	EndGlobalSection
EndGlobal
